// !$*UTF8*$!
{
	archiveVersion = 1;
	classes = {
	};
	objectVersion = 48;
	objects = {

/* Begin PBXBuildFile section */
		594024C91FEABA99006174A5 /* AppDelegate.m in Sources */ = {isa = PBXBuildFile; fileRef = 594024C21FEABA99006174A5 /* AppDelegate.m */; };
		594024CA1FEABA99006174A5 /* LaunchScreen.storyboard in Resources */ = {isa = PBXBuildFile; fileRef = 594024C31FEABA99006174A5 /* LaunchScreen.storyboard */; };
		594024CB1FEABA99006174A5 /* Main.storyboard in Resources */ = {isa = PBXBuildFile; fileRef = 594024C51FEABA99006174A5 /* Main.storyboard */; };
		594024CC1FEABA99006174A5 /* NotesRootViewController.m in Sources */ = {isa = PBXBuildFile; fileRef = 594024C81FEABA99006174A5 /* NotesRootViewController.m */; };
		594024D61FED4B82006174A5 /* BaseNetworkingClient.m in Sources */ = {isa = PBXBuildFile; fileRef = 594024D01FED4B82006174A5 /* BaseNetworkingClient.m */; };
		594024D71FED4B82006174A5 /* HttpTool.m in Sources */ = {isa = PBXBuildFile; fileRef = 594024D31FED4B82006174A5 /* HttpTool.m */; };
		594024D81FED4B82006174A5 /* MyMD5.m in Sources */ = {isa = PBXBuildFile; fileRef = 594024D51FED4B82006174A5 /* MyMD5.m */; };
		594024DC1FED4B8F006174A5 /* HUDLoading.m in Sources */ = {isa = PBXBuildFile; fileRef = 594024DB1FED4B8F006174A5 /* HUDLoading.m */; };
		594024EC1FED4F95006174A5 /* AFHTTPSessionManager.m in Sources */ = {isa = PBXBuildFile; fileRef = 594024E01FED4F95006174A5 /* AFHTTPSessionManager.m */; };
		594024ED1FED4F95006174A5 /* AFNetworkReachabilityManager.m in Sources */ = {isa = PBXBuildFile; fileRef = 594024E31FED4F95006174A5 /* AFNetworkReachabilityManager.m */; };
		594024EE1FED4F95006174A5 /* AFSecurityPolicy.m in Sources */ = {isa = PBXBuildFile; fileRef = 594024E51FED4F95006174A5 /* AFSecurityPolicy.m */; };
		594024EF1FED4F95006174A5 /* AFURLRequestSerialization.m in Sources */ = {isa = PBXBuildFile; fileRef = 594024E71FED4F95006174A5 /* AFURLRequestSerialization.m */; };
		594024F01FED4F95006174A5 /* AFURLResponseSerialization.m in Sources */ = {isa = PBXBuildFile; fileRef = 594024E91FED4F95006174A5 /* AFURLResponseSerialization.m */; };
		594024F11FED4F95006174A5 /* AFURLSessionManager.m in Sources */ = {isa = PBXBuildFile; fileRef = 594024EB1FED4F95006174A5 /* AFURLSessionManager.m */; };
		594024F51FED508F006174A5 /* Reachability.m in Sources */ = {isa = PBXBuildFile; fileRef = 594024F41FED508F006174A5 /* Reachability.m */; };
		594024F91FED5107006174A5 /* MBProgressHUD.m in Sources */ = {isa = PBXBuildFile; fileRef = 594024F81FED5107006174A5 /* MBProgressHUD.m */; };
		598CE1E01FEAB0A0000ABDFA /* UIButton+Addittions.m in Sources */ = {isa = PBXBuildFile; fileRef = 598CE1DF1FEAB0A0000ABDFA /* UIButton+Addittions.m */; };
		5995C80D1FEAA15F000B622C /* NotesBaseViewController.m in Sources */ = {isa = PBXBuildFile; fileRef = 5995C80C1FEAA15F000B622C /* NotesBaseViewController.m */; };
		5995C8121FEAA699000B622C /* CommonMethod.m in Sources */ = {isa = PBXBuildFile; fileRef = 5995C8101FEAA699000B622C /* CommonMethod.m */; };
		5995C8241FEAA6F7000B622C /* KBArrayAddtions.m in Sources */ = {isa = PBXBuildFile; fileRef = 5995C8151FEAA6F7000B622C /* KBArrayAddtions.m */; };
		5995C8251FEAA6F7000B622C /* KBNSDictionaryAddtions.m in Sources */ = {isa = PBXBuildFile; fileRef = 5995C8171FEAA6F7000B622C /* KBNSDictionaryAddtions.m */; };
		5995C8261FEAA6F7000B622C /* KBNSObjectAdditions.m in Sources */ = {isa = PBXBuildFile; fileRef = 5995C8191FEAA6F7000B622C /* KBNSObjectAdditions.m */; };
		5995C8271FEAA6F7000B622C /* KBNSStringAdditions.m in Sources */ = {isa = PBXBuildFile; fileRef = 5995C81B1FEAA6F7000B622C /* KBNSStringAdditions.m */; };
		5995C8291FEAA6F7000B622C /* KBUIImageAdditions.m in Sources */ = {isa = PBXBuildFile; fileRef = 5995C81F1FEAA6F7000B622C /* KBUIImageAdditions.m */; };
		5995C82A1FEAA6F7000B622C /* KBUIViewAdditions.m in Sources */ = {isa = PBXBuildFile; fileRef = 5995C8211FEAA6F7000B622C /* KBUIViewAdditions.m */; };
		5995C82B1FEAA6F7000B622C /* UIBarButtonItem+Extension.m in Sources */ = {isa = PBXBuildFile; fileRef = 5995C8231FEAA6F7000B622C /* UIBarButtonItem+Extension.m */; };
		F7767CF31FF1FE4500992C7B /* AppManager.m in Sources */ = {isa = PBXBuildFile; fileRef = F7767CF01FF1FE4500992C7B /* AppManager.m */; };
		F7767CF41FF1FE4500992C7B /* BuglyManagerConfig.m in Sources */ = {isa = PBXBuildFile; fileRef = F7767CF21FF1FE4500992C7B /* BuglyManagerConfig.m */; };
		F7767CF71FF1FE5F00992C7B /* Bugly.framework in Frameworks */ = {isa = PBXBuildFile; fileRef = F7767CF61FF1FE5F00992C7B /* Bugly.framework */; };
		F78954021FF2173B007BE138 /* libc++.tbd in Frameworks */ = {isa = PBXBuildFile; fileRef = F78954011FF2173B007BE138 /* libc++.tbd */; };
		F78954041FF21743007BE138 /* libz.tbd in Frameworks */ = {isa = PBXBuildFile; fileRef = F78954031FF21743007BE138 /* libz.tbd */; };
		F78954061FF21752007BE138 /* Security.framework in Frameworks */ = {isa = PBXBuildFile; fileRef = F78954051FF21752007BE138 /* Security.framework */; };
		F78954081FF2175B007BE138 /* SystemConfiguration.framework in Frameworks */ = {isa = PBXBuildFile; fileRef = F78954071FF2175B007BE138 /* SystemConfiguration.framework */; };
		F7A0B2871FB058C400FE3B7B /* TravelNotes.xcdatamodeld in Sources */ = {isa = PBXBuildFile; fileRef = F7A0B2851FB058C400FE3B7B /* TravelNotes.xcdatamodeld */; };
		F7A0B2891FB058C400FE3B7B /* Assets.xcassets in Resources */ = {isa = PBXBuildFile; fileRef = F7A0B2881FB058C400FE3B7B /* Assets.xcassets */; };
		F7A0B28F1FB058C400FE3B7B /* main.m in Sources */ = {isa = PBXBuildFile; fileRef = F7A0B28E1FB058C400FE3B7B /* main.m */; };
/* End PBXBuildFile section */

/* Begin PBXFileReference section */
		594024C11FEABA99006174A5 /* AppDelegate.h */ = {isa = PBXFileReference; fileEncoding = 4; lastKnownFileType = sourcecode.c.h; path = AppDelegate.h; sourceTree = "<group>"; };
		594024C21FEABA99006174A5 /* AppDelegate.m */ = {isa = PBXFileReference; fileEncoding = 4; lastKnownFileType = sourcecode.c.objc; path = AppDelegate.m; sourceTree = "<group>"; };
		594024C41FEABA99006174A5 /* Base */ = {isa = PBXFileReference; lastKnownFileType = file.storyboard; name = Base; path = Base.lproj/LaunchScreen.storyboard; sourceTree = "<group>"; };
		594024C61FEABA99006174A5 /* Base */ = {isa = PBXFileReference; lastKnownFileType = file.storyboard; name = Base; path = Base.lproj/Main.storyboard; sourceTree = "<group>"; };
		594024C71FEABA99006174A5 /* NotesRootViewController.h */ = {isa = PBXFileReference; fileEncoding = 4; lastKnownFileType = sourcecode.c.h; path = NotesRootViewController.h; sourceTree = "<group>"; };
		594024C81FEABA99006174A5 /* NotesRootViewController.m */ = {isa = PBXFileReference; fileEncoding = 4; lastKnownFileType = sourcecode.c.objc; path = NotesRootViewController.m; sourceTree = "<group>"; };
		594024CF1FED4B82006174A5 /* BaseNetworkingClient.h */ = {isa = PBXFileReference; fileEncoding = 4; lastKnownFileType = sourcecode.c.h; path = BaseNetworkingClient.h; sourceTree = "<group>"; };
		594024D01FED4B82006174A5 /* BaseNetworkingClient.m */ = {isa = PBXFileReference; fileEncoding = 4; lastKnownFileType = sourcecode.c.objc; path = BaseNetworkingClient.m; sourceTree = "<group>"; };
		594024D11FED4B82006174A5 /* CGIDefine.h */ = {isa = PBXFileReference; fileEncoding = 4; lastKnownFileType = sourcecode.c.h; path = CGIDefine.h; sourceTree = "<group>"; };
		594024D21FED4B82006174A5 /* HttpTool.h */ = {isa = PBXFileReference; fileEncoding = 4; lastKnownFileType = sourcecode.c.h; path = HttpTool.h; sourceTree = "<group>"; };
		594024D31FED4B82006174A5 /* HttpTool.m */ = {isa = PBXFileReference; fileEncoding = 4; lastKnownFileType = sourcecode.c.objc; path = HttpTool.m; sourceTree = "<group>"; };
		594024D41FED4B82006174A5 /* MyMD5.h */ = {isa = PBXFileReference; fileEncoding = 4; lastKnownFileType = sourcecode.c.h; path = MyMD5.h; sourceTree = "<group>"; };
		594024D51FED4B82006174A5 /* MyMD5.m */ = {isa = PBXFileReference; fileEncoding = 4; lastKnownFileType = sourcecode.c.objc; path = MyMD5.m; sourceTree = "<group>"; };
		594024DA1FED4B8F006174A5 /* HUDLoading.h */ = {isa = PBXFileReference; fileEncoding = 4; lastKnownFileType = sourcecode.c.h; path = HUDLoading.h; sourceTree = "<group>"; };
		594024DB1FED4B8F006174A5 /* HUDLoading.m */ = {isa = PBXFileReference; fileEncoding = 4; lastKnownFileType = sourcecode.c.objc; path = HUDLoading.m; sourceTree = "<group>"; };
		594024DF1FED4F95006174A5 /* AFHTTPSessionManager.h */ = {isa = PBXFileReference; fileEncoding = 4; lastKnownFileType = sourcecode.c.h; path = AFHTTPSessionManager.h; sourceTree = "<group>"; };
		594024E01FED4F95006174A5 /* AFHTTPSessionManager.m */ = {isa = PBXFileReference; fileEncoding = 4; lastKnownFileType = sourcecode.c.objc; path = AFHTTPSessionManager.m; sourceTree = "<group>"; };
		594024E11FED4F95006174A5 /* AFNetworking.h */ = {isa = PBXFileReference; fileEncoding = 4; lastKnownFileType = sourcecode.c.h; path = AFNetworking.h; sourceTree = "<group>"; };
		594024E21FED4F95006174A5 /* AFNetworkReachabilityManager.h */ = {isa = PBXFileReference; fileEncoding = 4; lastKnownFileType = sourcecode.c.h; path = AFNetworkReachabilityManager.h; sourceTree = "<group>"; };
		594024E31FED4F95006174A5 /* AFNetworkReachabilityManager.m */ = {isa = PBXFileReference; fileEncoding = 4; lastKnownFileType = sourcecode.c.objc; path = AFNetworkReachabilityManager.m; sourceTree = "<group>"; };
		594024E41FED4F95006174A5 /* AFSecurityPolicy.h */ = {isa = PBXFileReference; fileEncoding = 4; lastKnownFileType = sourcecode.c.h; path = AFSecurityPolicy.h; sourceTree = "<group>"; };
		594024E51FED4F95006174A5 /* AFSecurityPolicy.m */ = {isa = PBXFileReference; fileEncoding = 4; lastKnownFileType = sourcecode.c.objc; path = AFSecurityPolicy.m; sourceTree = "<group>"; };
		594024E61FED4F95006174A5 /* AFURLRequestSerialization.h */ = {isa = PBXFileReference; fileEncoding = 4; lastKnownFileType = sourcecode.c.h; path = AFURLRequestSerialization.h; sourceTree = "<group>"; };
		594024E71FED4F95006174A5 /* AFURLRequestSerialization.m */ = {isa = PBXFileReference; fileEncoding = 4; lastKnownFileType = sourcecode.c.objc; path = AFURLRequestSerialization.m; sourceTree = "<group>"; };
		594024E81FED4F95006174A5 /* AFURLResponseSerialization.h */ = {isa = PBXFileReference; fileEncoding = 4; lastKnownFileType = sourcecode.c.h; path = AFURLResponseSerialization.h; sourceTree = "<group>"; };
		594024E91FED4F95006174A5 /* AFURLResponseSerialization.m */ = {isa = PBXFileReference; fileEncoding = 4; lastKnownFileType = sourcecode.c.objc; path = AFURLResponseSerialization.m; sourceTree = "<group>"; };
		594024EA1FED4F95006174A5 /* AFURLSessionManager.h */ = {isa = PBXFileReference; fileEncoding = 4; lastKnownFileType = sourcecode.c.h; path = AFURLSessionManager.h; sourceTree = "<group>"; };
		594024EB1FED4F95006174A5 /* AFURLSessionManager.m */ = {isa = PBXFileReference; fileEncoding = 4; lastKnownFileType = sourcecode.c.objc; path = AFURLSessionManager.m; sourceTree = "<group>"; };
		594024F31FED508F006174A5 /* Reachability.h */ = {isa = PBXFileReference; fileEncoding = 4; lastKnownFileType = sourcecode.c.h; path = Reachability.h; sourceTree = "<group>"; };
		594024F41FED508F006174A5 /* Reachability.m */ = {isa = PBXFileReference; fileEncoding = 4; lastKnownFileType = sourcecode.c.objc; path = Reachability.m; sourceTree = "<group>"; };
		594024F71FED5107006174A5 /* MBProgressHUD.h */ = {isa = PBXFileReference; fileEncoding = 4; lastKnownFileType = sourcecode.c.h; path = MBProgressHUD.h; sourceTree = "<group>"; };
		594024F81FED5107006174A5 /* MBProgressHUD.m */ = {isa = PBXFileReference; fileEncoding = 4; lastKnownFileType = sourcecode.c.objc; path = MBProgressHUD.m; sourceTree = "<group>"; };
		598CE1DE1FEAB0A0000ABDFA /* UIButton+Addittions.h */ = {isa = PBXFileReference; lastKnownFileType = sourcecode.c.h; path = "UIButton+Addittions.h"; sourceTree = "<group>"; };
		598CE1DF1FEAB0A0000ABDFA /* UIButton+Addittions.m */ = {isa = PBXFileReference; lastKnownFileType = sourcecode.c.objc; path = "UIButton+Addittions.m"; sourceTree = "<group>"; };
		5995C80B1FEAA15F000B622C /* NotesBaseViewController.h */ = {isa = PBXFileReference; fileEncoding = 4; lastKnownFileType = sourcecode.c.h; path = NotesBaseViewController.h; sourceTree = "<group>"; };
		5995C80C1FEAA15F000B622C /* NotesBaseViewController.m */ = {isa = PBXFileReference; fileEncoding = 4; lastKnownFileType = sourcecode.c.objc; path = NotesBaseViewController.m; sourceTree = "<group>"; };
		5995C80F1FEAA238000B622C /* CommonDefine.h */ = {isa = PBXFileReference; fileEncoding = 4; lastKnownFileType = sourcecode.c.h; path = CommonDefine.h; sourceTree = "<group>"; };
		5995C8101FEAA699000B622C /* CommonMethod.m */ = {isa = PBXFileReference; fileEncoding = 4; lastKnownFileType = sourcecode.c.objc; path = CommonMethod.m; sourceTree = "<group>"; };
		5995C8111FEAA699000B622C /* CommonMethod.h */ = {isa = PBXFileReference; fileEncoding = 4; lastKnownFileType = sourcecode.c.h; path = CommonMethod.h; sourceTree = "<group>"; };
		5995C8141FEAA6F7000B622C /* KBArrayAddtions.h */ = {isa = PBXFileReference; fileEncoding = 4; lastKnownFileType = sourcecode.c.h; path = KBArrayAddtions.h; sourceTree = "<group>"; };
		5995C8151FEAA6F7000B622C /* KBArrayAddtions.m */ = {isa = PBXFileReference; fileEncoding = 4; lastKnownFileType = sourcecode.c.objc; path = KBArrayAddtions.m; sourceTree = "<group>"; };
		5995C8161FEAA6F7000B622C /* KBNSDictionaryAddtions.h */ = {isa = PBXFileReference; fileEncoding = 4; lastKnownFileType = sourcecode.c.h; path = KBNSDictionaryAddtions.h; sourceTree = "<group>"; };
		5995C8171FEAA6F7000B622C /* KBNSDictionaryAddtions.m */ = {isa = PBXFileReference; fileEncoding = 4; lastKnownFileType = sourcecode.c.objc; path = KBNSDictionaryAddtions.m; sourceTree = "<group>"; };
		5995C8181FEAA6F7000B622C /* KBNSObjectAdditions.h */ = {isa = PBXFileReference; fileEncoding = 4; lastKnownFileType = sourcecode.c.h; path = KBNSObjectAdditions.h; sourceTree = "<group>"; };
		5995C8191FEAA6F7000B622C /* KBNSObjectAdditions.m */ = {isa = PBXFileReference; fileEncoding = 4; lastKnownFileType = sourcecode.c.objc; path = KBNSObjectAdditions.m; sourceTree = "<group>"; };
		5995C81A1FEAA6F7000B622C /* KBNSStringAdditions.h */ = {isa = PBXFileReference; fileEncoding = 4; lastKnownFileType = sourcecode.c.h; path = KBNSStringAdditions.h; sourceTree = "<group>"; };
		5995C81B1FEAA6F7000B622C /* KBNSStringAdditions.m */ = {isa = PBXFileReference; fileEncoding = 4; lastKnownFileType = sourcecode.c.objc; path = KBNSStringAdditions.m; sourceTree = "<group>"; };
		5995C81E1FEAA6F7000B622C /* KBUIImageAdditions.h */ = {isa = PBXFileReference; fileEncoding = 4; lastKnownFileType = sourcecode.c.h; path = KBUIImageAdditions.h; sourceTree = "<group>"; };
		5995C81F1FEAA6F7000B622C /* KBUIImageAdditions.m */ = {isa = PBXFileReference; fileEncoding = 4; lastKnownFileType = sourcecode.c.objc; path = KBUIImageAdditions.m; sourceTree = "<group>"; };
		5995C8201FEAA6F7000B622C /* KBUIViewAdditions.h */ = {isa = PBXFileReference; fileEncoding = 4; lastKnownFileType = sourcecode.c.h; path = KBUIViewAdditions.h; sourceTree = "<group>"; };
		5995C8211FEAA6F7000B622C /* KBUIViewAdditions.m */ = {isa = PBXFileReference; fileEncoding = 4; lastKnownFileType = sourcecode.c.objc; path = KBUIViewAdditions.m; sourceTree = "<group>"; };
		5995C8221FEAA6F7000B622C /* UIBarButtonItem+Extension.h */ = {isa = PBXFileReference; fileEncoding = 4; lastKnownFileType = sourcecode.c.h; path = "UIBarButtonItem+Extension.h"; sourceTree = "<group>"; };
		5995C8231FEAA6F7000B622C /* UIBarButtonItem+Extension.m */ = {isa = PBXFileReference; fileEncoding = 4; lastKnownFileType = sourcecode.c.objc; path = "UIBarButtonItem+Extension.m"; sourceTree = "<group>"; };
		F7767CEF1FF1FE4500992C7B /* AppManager.h */ = {isa = PBXFileReference; fileEncoding = 4; lastKnownFileType = sourcecode.c.h; path = AppManager.h; sourceTree = "<group>"; };
		F7767CF01FF1FE4500992C7B /* AppManager.m */ = {isa = PBXFileReference; fileEncoding = 4; lastKnownFileType = sourcecode.c.objc; path = AppManager.m; sourceTree = "<group>"; };
		F7767CF11FF1FE4500992C7B /* BuglyManagerConfig.h */ = {isa = PBXFileReference; fileEncoding = 4; lastKnownFileType = sourcecode.c.h; path = BuglyManagerConfig.h; sourceTree = "<group>"; };
		F7767CF21FF1FE4500992C7B /* BuglyManagerConfig.m */ = {isa = PBXFileReference; fileEncoding = 4; lastKnownFileType = sourcecode.c.objc; path = BuglyManagerConfig.m; sourceTree = "<group>"; };
		F7767CF61FF1FE5F00992C7B /* Bugly.framework */ = {isa = PBXFileReference; lastKnownFileType = wrapper.framework; path = Bugly.framework; sourceTree = "<group>"; };
		F78954011FF2173B007BE138 /* libc++.tbd */ = {isa = PBXFileReference; lastKnownFileType = "sourcecode.text-based-dylib-definition"; name = "libc++.tbd"; path = "usr/lib/libc++.tbd"; sourceTree = SDKROOT; };
		F78954031FF21743007BE138 /* libz.tbd */ = {isa = PBXFileReference; lastKnownFileType = "sourcecode.text-based-dylib-definition"; name = libz.tbd; path = usr/lib/libz.tbd; sourceTree = SDKROOT; };
		F78954051FF21752007BE138 /* Security.framework */ = {isa = PBXFileReference; lastKnownFileType = wrapper.framework; name = Security.framework; path = System/Library/Frameworks/Security.framework; sourceTree = SDKROOT; };
		F78954071FF2175B007BE138 /* SystemConfiguration.framework */ = {isa = PBXFileReference; lastKnownFileType = wrapper.framework; name = SystemConfiguration.framework; path = System/Library/Frameworks/SystemConfiguration.framework; sourceTree = SDKROOT; };
		F7A0B2791FB058C400FE3B7B /* TravelNotes.app */ = {isa = PBXFileReference; explicitFileType = wrapper.application; includeInIndex = 0; path = TravelNotes.app; sourceTree = BUILT_PRODUCTS_DIR; };
		F7A0B2861FB058C400FE3B7B /* TravelNotes.xcdatamodel */ = {isa = PBXFileReference; lastKnownFileType = wrapper.xcdatamodel; path = TravelNotes.xcdatamodel; sourceTree = "<group>"; };
		F7A0B2881FB058C400FE3B7B /* Assets.xcassets */ = {isa = PBXFileReference; lastKnownFileType = folder.assetcatalog; path = Assets.xcassets; sourceTree = "<group>"; };
		F7A0B28D1FB058C400FE3B7B /* Info.plist */ = {isa = PBXFileReference; lastKnownFileType = text.plist.xml; path = Info.plist; sourceTree = "<group>"; };
		F7A0B28E1FB058C400FE3B7B /* main.m */ = {isa = PBXFileReference; lastKnownFileType = sourcecode.c.objc; path = main.m; sourceTree = "<group>"; };
/* End PBXFileReference section */

/* Begin PBXFrameworksBuildPhase section */
		F7A0B2761FB058C400FE3B7B /* Frameworks */ = {
			isa = PBXFrameworksBuildPhase;
			buildActionMask = 2147483647;
			files = (
				F78954081FF2175B007BE138 /* SystemConfiguration.framework in Frameworks */,
				F78954061FF21752007BE138 /* Security.framework in Frameworks */,
				F78954041FF21743007BE138 /* libz.tbd in Frameworks */,
				F78954021FF2173B007BE138 /* libc++.tbd in Frameworks */,
				F7767CF71FF1FE5F00992C7B /* Bugly.framework in Frameworks */,
			);
			runOnlyForDeploymentPostprocessing = 0;
		};
/* End PBXFrameworksBuildPhase section */

/* Begin PBXGroup section */
		594024C01FEABA99006174A5 /* Main */ = {
			isa = PBXGroup;
			children = (
				594024C11FEABA99006174A5 /* AppDelegate.h */,
				594024C21FEABA99006174A5 /* AppDelegate.m */,
				594024C31FEABA99006174A5 /* LaunchScreen.storyboard */,
				594024C51FEABA99006174A5 /* Main.storyboard */,
				594024C71FEABA99006174A5 /* NotesRootViewController.h */,
				594024C81FEABA99006174A5 /* NotesRootViewController.m */,
			);
			path = Main;
			sourceTree = "<group>";
		};
		594024CD1FED4B76006174A5 /* Tool */ = {
			isa = PBXGroup;
			children = (
				F7767CEE1FF1FE4500992C7B /* AppManager */,
				594024D91FED4B8F006174A5 /* HUDLoadingView */,
				594024CE1FED4B82006174A5 /* NetWorking */,
			);
			path = Tool;
			sourceTree = "<group>";
		};
		594024CE1FED4B82006174A5 /* NetWorking */ = {
			isa = PBXGroup;
			children = (
				594024CF1FED4B82006174A5 /* BaseNetworkingClient.h */,
				594024D01FED4B82006174A5 /* BaseNetworkingClient.m */,
				594024D11FED4B82006174A5 /* CGIDefine.h */,
				594024D21FED4B82006174A5 /* HttpTool.h */,
				594024D31FED4B82006174A5 /* HttpTool.m */,
				594024D41FED4B82006174A5 /* MyMD5.h */,
				594024D51FED4B82006174A5 /* MyMD5.m */,
			);
			path = NetWorking;
			sourceTree = "<group>";
		};
		594024D91FED4B8F006174A5 /* HUDLoadingView */ = {
			isa = PBXGroup;
			children = (
				594024DA1FED4B8F006174A5 /* HUDLoading.h */,
				594024DB1FED4B8F006174A5 /* HUDLoading.m */,
			);
			path = HUDLoadingView;
			sourceTree = "<group>";
		};
		594024DD1FED4CAC006174A5 /* Framework */ = {
			isa = PBXGroup;
			children = (
				F7767CF51FF1FE5F00992C7B /* Bugly */,
				594024F21FED508F006174A5 /* Reachability */,
				594024F61FED5107006174A5 /* MBProgressHUD */,
				594024DE1FED4F95006174A5 /* AFNetworking */,
			);
			path = Framework;
			sourceTree = "<group>";
		};
		594024DE1FED4F95006174A5 /* AFNetworking */ = {
			isa = PBXGroup;
			children = (
				594024DF1FED4F95006174A5 /* AFHTTPSessionManager.h */,
				594024E01FED4F95006174A5 /* AFHTTPSessionManager.m */,
				594024E11FED4F95006174A5 /* AFNetworking.h */,
				594024E21FED4F95006174A5 /* AFNetworkReachabilityManager.h */,
				594024E31FED4F95006174A5 /* AFNetworkReachabilityManager.m */,
				594024E41FED4F95006174A5 /* AFSecurityPolicy.h */,
				594024E51FED4F95006174A5 /* AFSecurityPolicy.m */,
				594024E61FED4F95006174A5 /* AFURLRequestSerialization.h */,
				594024E71FED4F95006174A5 /* AFURLRequestSerialization.m */,
				594024E81FED4F95006174A5 /* AFURLResponseSerialization.h */,
				594024E91FED4F95006174A5 /* AFURLResponseSerialization.m */,
				594024EA1FED4F95006174A5 /* AFURLSessionManager.h */,
				594024EB1FED4F95006174A5 /* AFURLSessionManager.m */,
			);
			path = AFNetworking;
			sourceTree = "<group>";
		};
		594024F21FED508F006174A5 /* Reachability */ = {
			isa = PBXGroup;
			children = (
				594024F31FED508F006174A5 /* Reachability.h */,
				594024F41FED508F006174A5 /* Reachability.m */,
			);
			path = Reachability;
			sourceTree = "<group>";
		};
		594024F61FED5107006174A5 /* MBProgressHUD */ = {
			isa = PBXGroup;
			children = (
				594024F71FED5107006174A5 /* MBProgressHUD.h */,
				594024F81FED5107006174A5 /* MBProgressHUD.m */,
			);
			path = MBProgressHUD;
			sourceTree = "<group>";
		};
		5995C8081FEAA15F000B622C /* Library */ = {
			isa = PBXGroup;
			children = (
				5995C8131FEAA6F7000B622C /* Additions */,
				5995C8091FEAA15F000B622C /* Common */,
				5995C80A1FEAA15F000B622C /* Custom */,
			);
			path = Library;
			sourceTree = "<group>";
		};
		5995C8091FEAA15F000B622C /* Common */ = {
			isa = PBXGroup;
			children = (
				5995C80F1FEAA238000B622C /* CommonDefine.h */,
				5995C8111FEAA699000B622C /* CommonMethod.h */,
				5995C8101FEAA699000B622C /* CommonMethod.m */,
			);
			path = Common;
			sourceTree = "<group>";
		};
		5995C80A1FEAA15F000B622C /* Custom */ = {
			isa = PBXGroup;
			children = (
				5995C80B1FEAA15F000B622C /* NotesBaseViewController.h */,
				5995C80C1FEAA15F000B622C /* NotesBaseViewController.m */,
			);
			path = Custom;
			sourceTree = "<group>";
		};
		5995C8131FEAA6F7000B622C /* Additions */ = {
			isa = PBXGroup;
			children = (
				5995C8141FEAA6F7000B622C /* KBArrayAddtions.h */,
				5995C8151FEAA6F7000B622C /* KBArrayAddtions.m */,
				5995C8161FEAA6F7000B622C /* KBNSDictionaryAddtions.h */,
				5995C8171FEAA6F7000B622C /* KBNSDictionaryAddtions.m */,
				5995C8181FEAA6F7000B622C /* KBNSObjectAdditions.h */,
				5995C8191FEAA6F7000B622C /* KBNSObjectAdditions.m */,
				5995C81A1FEAA6F7000B622C /* KBNSStringAdditions.h */,
				5995C81B1FEAA6F7000B622C /* KBNSStringAdditions.m */,
				598CE1DE1FEAB0A0000ABDFA /* UIButton+Addittions.h */,
				598CE1DF1FEAB0A0000ABDFA /* UIButton+Addittions.m */,
				5995C81E1FEAA6F7000B622C /* KBUIImageAdditions.h */,
				5995C81F1FEAA6F7000B622C /* KBUIImageAdditions.m */,
				5995C8201FEAA6F7000B622C /* KBUIViewAdditions.h */,
				5995C8211FEAA6F7000B622C /* KBUIViewAdditions.m */,
				5995C8221FEAA6F7000B622C /* UIBarButtonItem+Extension.h */,
				5995C8231FEAA6F7000B622C /* UIBarButtonItem+Extension.m */,
			);
			path = Additions;
			sourceTree = "<group>";
		};
		F7767CEE1FF1FE4500992C7B /* AppManager */ = {
			isa = PBXGroup;
			children = (
				F7767CEF1FF1FE4500992C7B /* AppManager.h */,
				F7767CF01FF1FE4500992C7B /* AppManager.m */,
				F7767CF11FF1FE4500992C7B /* BuglyManagerConfig.h */,
				F7767CF21FF1FE4500992C7B /* BuglyManagerConfig.m */,
			);
			path = AppManager;
			sourceTree = "<group>";
		};
		F7767CF51FF1FE5F00992C7B /* Bugly */ = {
			isa = PBXGroup;
			children = (
				F7767CF61FF1FE5F00992C7B /* Bugly.framework */,
			);
			path = Bugly;
			sourceTree = "<group>";
		};
		F78954001FF2173A007BE138 /* Frameworks */ = {
			isa = PBXGroup;
			children = (
				F78954071FF2175B007BE138 /* SystemConfiguration.framework */,
				F78954051FF21752007BE138 /* Security.framework */,
				F78954031FF21743007BE138 /* libz.tbd */,
				F78954011FF2173B007BE138 /* libc++.tbd */,
			);
			name = Frameworks;
			sourceTree = "<group>";
		};
		F7A0B2701FB058C400FE3B7B = {
			isa = PBXGroup;
			children = (
				F7A0B27B1FB058C400FE3B7B /* TravelNotes */,
				F7A0B27A1FB058C400FE3B7B /* Products */,
				F78954001FF2173A007BE138 /* Frameworks */,
			);
			sourceTree = "<group>";
		};
		F7A0B27A1FB058C400FE3B7B /* Products */ = {
			isa = PBXGroup;
			children = (
				F7A0B2791FB058C400FE3B7B /* TravelNotes.app */,
			);
			name = Products;
			sourceTree = "<group>";
		};
		F7A0B27B1FB058C400FE3B7B /* TravelNotes */ = {
			isa = PBXGroup;
			children = (
				594024C01FEABA99006174A5 /* Main */,
				5995C8081FEAA15F000B622C /* Library */,
				594024CD1FED4B76006174A5 /* Tool */,
				594024DD1FED4CAC006174A5 /* Framework */,
				F7A0B2881FB058C400FE3B7B /* Assets.xcassets */,
				F7A0B28D1FB058C400FE3B7B /* Info.plist */,
				F7A0B28E1FB058C400FE3B7B /* main.m */,
				F7A0B2851FB058C400FE3B7B /* TravelNotes.xcdatamodeld */,
			);
			path = TravelNotes;
			sourceTree = "<group>";
		};
/* End PBXGroup section */

/* Begin PBXNativeTarget section */
		F7A0B2781FB058C400FE3B7B /* TravelNotes */ = {
			isa = PBXNativeTarget;
			buildConfigurationList = F7A0B2921FB058C400FE3B7B /* Build configuration list for PBXNativeTarget "TravelNotes" */;
			buildPhases = (
				F7A0B2751FB058C400FE3B7B /* Sources */,
				F7A0B2761FB058C400FE3B7B /* Frameworks */,
				F7A0B2771FB058C400FE3B7B /* Resources */,
			);
			buildRules = (
			);
			dependencies = (
			);
			name = TravelNotes;
			productName = TravelNotes;
			productReference = F7A0B2791FB058C400FE3B7B /* TravelNotes.app */;
			productType = "com.apple.product-type.application";
		};
/* End PBXNativeTarget section */

/* Begin PBXProject section */
		F7A0B2711FB058C400FE3B7B /* Project object */ = {
			isa = PBXProject;
			attributes = {
				LastUpgradeCheck = 0910;
				ORGANIZATIONNAME = xunmei;
				TargetAttributes = {
					F7A0B2781FB058C400FE3B7B = {
						CreatedOnToolsVersion = 9.1;
						ProvisioningStyle = Automatic;
					};
				};
			};
			buildConfigurationList = F7A0B2741FB058C400FE3B7B /* Build configuration list for PBXProject "TravelNotes" */;
			compatibilityVersion = "Xcode 8.0";
			developmentRegion = en;
			hasScannedForEncodings = 0;
			knownRegions = (
				en,
				Base,
			);
			mainGroup = F7A0B2701FB058C400FE3B7B;
			productRefGroup = F7A0B27A1FB058C400FE3B7B /* Products */;
			projectDirPath = "";
			projectRoot = "";
			targets = (
				F7A0B2781FB058C400FE3B7B /* TravelNotes */,
			);
		};
/* End PBXProject section */

/* Begin PBXResourcesBuildPhase section */
		F7A0B2771FB058C400FE3B7B /* Resources */ = {
			isa = PBXResourcesBuildPhase;
			buildActionMask = 2147483647;
			files = (
				594024CB1FEABA99006174A5 /* Main.storyboard in Resources */,
				F7A0B2891FB058C400FE3B7B /* Assets.xcassets in Resources */,
				594024CA1FEABA99006174A5 /* LaunchScreen.storyboard in Resources */,
			);
			runOnlyForDeploymentPostprocessing = 0;
		};
/* End PBXResourcesBuildPhase section */

/* Begin PBXSourcesBuildPhase section */
		F7A0B2751FB058C400FE3B7B /* Sources */ = {
			isa = PBXSourcesBuildPhase;
			buildActionMask = 2147483647;
			files = (
				5995C80D1FEAA15F000B622C /* NotesBaseViewController.m in Sources */,
				594024EC1FED4F95006174A5 /* AFHTTPSessionManager.m in Sources */,
				594024ED1FED4F95006174A5 /* AFNetworkReachabilityManager.m in Sources */,
				F7A0B2871FB058C400FE3B7B /* TravelNotes.xcdatamodeld in Sources */,
				594024F51FED508F006174A5 /* Reachability.m in Sources */,
				5995C82A1FEAA6F7000B622C /* KBUIViewAdditions.m in Sources */,
				594024D71FED4B82006174A5 /* HttpTool.m in Sources */,
				594024D81FED4B82006174A5 /* MyMD5.m in Sources */,
				594024EF1FED4F95006174A5 /* AFURLRequestSerialization.m in Sources */,
				594024F91FED5107006174A5 /* MBProgressHUD.m in Sources */,
				594024EE1FED4F95006174A5 /* AFSecurityPolicy.m in Sources */,
				594024F11FED4F95006174A5 /* AFURLSessionManager.m in Sources */,
				5995C8121FEAA699000B622C /* CommonMethod.m in Sources */,
				594024D61FED4B82006174A5 /* BaseNetworkingClient.m in Sources */,
				5995C8271FEAA6F7000B622C /* KBNSStringAdditions.m in Sources */,
				594024DC1FED4B8F006174A5 /* HUDLoading.m in Sources */,
				F7A0B28F1FB058C400FE3B7B /* main.m in Sources */,
				5995C82B1FEAA6F7000B622C /* UIBarButtonItem+Extension.m in Sources */,
				594024C91FEABA99006174A5 /* AppDelegate.m in Sources */,
				598CE1E01FEAB0A0000ABDFA /* UIButton+Addittions.m in Sources */,
				5995C8261FEAA6F7000B622C /* KBNSObjectAdditions.m in Sources */,
				594024CC1FEABA99006174A5 /* NotesRootViewController.m in Sources */,
				5995C8291FEAA6F7000B622C /* KBUIImageAdditions.m in Sources */,
				5995C8251FEAA6F7000B622C /* KBNSDictionaryAddtions.m in Sources */,
				5995C8241FEAA6F7000B622C /* KBArrayAddtions.m in Sources */,
				594024F01FED4F95006174A5 /* AFURLResponseSerialization.m in Sources */,
				F7767CF31FF1FE4500992C7B /* AppManager.m in Sources */,
				F7767CF41FF1FE4500992C7B /* BuglyManagerConfig.m in Sources */,
			);
			runOnlyForDeploymentPostprocessing = 0;
		};
/* End PBXSourcesBuildPhase section */

/* Begin PBXVariantGroup section */
		594024C31FEABA99006174A5 /* LaunchScreen.storyboard */ = {
			isa = PBXVariantGroup;
			children = (
				594024C41FEABA99006174A5 /* Base */,
			);
			name = LaunchScreen.storyboard;
			sourceTree = "<group>";
		};
		594024C51FEABA99006174A5 /* Main.storyboard */ = {
			isa = PBXVariantGroup;
			children = (
				594024C61FEABA99006174A5 /* Base */,
			);
			name = Main.storyboard;
			sourceTree = "<group>";
		};
/* End PBXVariantGroup section */

/* Begin XCBuildConfiguration section */
		F7A0B2901FB058C400FE3B7B /* Debug */ = {
			isa = XCBuildConfiguration;
			buildSettings = {
				ALWAYS_SEARCH_USER_PATHS = NO;
				CLANG_ANALYZER_NONNULL = YES;
				CLANG_ANALYZER_NUMBER_OBJECT_CONVERSION = YES_AGGRESSIVE;
				CLANG_CXX_LANGUAGE_STANDARD = "gnu++14";
				CLANG_CXX_LIBRARY = "libc++";
				CLANG_ENABLE_MODULES = YES;
				CLANG_ENABLE_OBJC_ARC = YES;
				CLANG_WARN_BLOCK_CAPTURE_AUTORELEASING = YES;
				CLANG_WARN_BOOL_CONVERSION = YES;
				CLANG_WARN_COMMA = YES;
				CLANG_WARN_CONSTANT_CONVERSION = YES;
				CLANG_WARN_DIRECT_OBJC_ISA_USAGE = YES_ERROR;
				CLANG_WARN_DOCUMENTATION_COMMENTS = YES;
				CLANG_WARN_EMPTY_BODY = YES;
				CLANG_WARN_ENUM_CONVERSION = YES;
				CLANG_WARN_INFINITE_RECURSION = YES;
				CLANG_WARN_INT_CONVERSION = YES;
				CLANG_WARN_NON_LITERAL_NULL_CONVERSION = YES;
				CLANG_WARN_OBJC_LITERAL_CONVERSION = YES;
				CLANG_WARN_OBJC_ROOT_CLASS = YES_ERROR;
				CLANG_WARN_RANGE_LOOP_ANALYSIS = YES;
				CLANG_WARN_STRICT_PROTOTYPES = YES;
				CLANG_WARN_SUSPICIOUS_MOVE = YES;
				CLANG_WARN_UNGUARDED_AVAILABILITY = YES_AGGRESSIVE;
				CLANG_WARN_UNREACHABLE_CODE = YES;
				CLANG_WARN__DUPLICATE_METHOD_MATCH = YES;
				CODE_SIGN_IDENTITY = "iPhone Developer";
				COPY_PHASE_STRIP = NO;
				DEBUG_INFORMATION_FORMAT = dwarf;
				ENABLE_STRICT_OBJC_MSGSEND = YES;
				ENABLE_TESTABILITY = YES;
				GCC_C_LANGUAGE_STANDARD = gnu11;
				GCC_DYNAMIC_NO_PIC = NO;
				GCC_NO_COMMON_BLOCKS = YES;
				GCC_OPTIMIZATION_LEVEL = 0;
				GCC_PREPROCESSOR_DEFINITIONS = (
					"DEBUG=1",
					"$(inherited)",
				);
				GCC_WARN_64_TO_32_BIT_CONVERSION = YES;
				GCC_WARN_ABOUT_RETURN_TYPE = YES_ERROR;
				GCC_WARN_UNDECLARED_SELECTOR = YES;
				GCC_WARN_UNINITIALIZED_AUTOS = YES_AGGRESSIVE;
				GCC_WARN_UNUSED_FUNCTION = YES;
				GCC_WARN_UNUSED_VARIABLE = YES;
				IPHONEOS_DEPLOYMENT_TARGET = 11.1;
				MTL_ENABLE_DEBUG_INFO = YES;
				ONLY_ACTIVE_ARCH = YES;
				SDKROOT = iphoneos;
			};
			name = Debug;
		};
		F7A0B2911FB058C400FE3B7B /* Release */ = {
			isa = XCBuildConfiguration;
			buildSettings = {
				ALWAYS_SEARCH_USER_PATHS = NO;
				CLANG_ANALYZER_NONNULL = YES;
				CLANG_ANALYZER_NUMBER_OBJECT_CONVERSION = YES_AGGRESSIVE;
				CLANG_CXX_LANGUAGE_STANDARD = "gnu++14";
				CLANG_CXX_LIBRARY = "libc++";
				CLANG_ENABLE_MODULES = YES;
				CLANG_ENABLE_OBJC_ARC = YES;
				CLANG_WARN_BLOCK_CAPTURE_AUTORELEASING = YES;
				CLANG_WARN_BOOL_CONVERSION = YES;
				CLANG_WARN_COMMA = YES;
				CLANG_WARN_CONSTANT_CONVERSION = YES;
				CLANG_WARN_DIRECT_OBJC_ISA_USAGE = YES_ERROR;
				CLANG_WARN_DOCUMENTATION_COMMENTS = YES;
				CLANG_WARN_EMPTY_BODY = YES;
				CLANG_WARN_ENUM_CONVERSION = YES;
				CLANG_WARN_INFINITE_RECURSION = YES;
				CLANG_WARN_INT_CONVERSION = YES;
				CLANG_WARN_NON_LITERAL_NULL_CONVERSION = YES;
				CLANG_WARN_OBJC_LITERAL_CONVERSION = YES;
				CLANG_WARN_OBJC_ROOT_CLASS = YES_ERROR;
				CLANG_WARN_RANGE_LOOP_ANALYSIS = YES;
				CLANG_WARN_STRICT_PROTOTYPES = YES;
				CLANG_WARN_SUSPICIOUS_MOVE = YES;
				CLANG_WARN_UNGUARDED_AVAILABILITY = YES_AGGRESSIVE;
				CLANG_WARN_UNREACHABLE_CODE = YES;
				CLANG_WARN__DUPLICATE_METHOD_MATCH = YES;
				CODE_SIGN_IDENTITY = "iPhone Developer";
				COPY_PHASE_STRIP = NO;
				DEBUG_INFORMATION_FORMAT = "dwarf-with-dsym";
				ENABLE_NS_ASSERTIONS = NO;
				ENABLE_STRICT_OBJC_MSGSEND = YES;
				GCC_C_LANGUAGE_STANDARD = gnu11;
				GCC_NO_COMMON_BLOCKS = YES;
				GCC_WARN_64_TO_32_BIT_CONVERSION = YES;
				GCC_WARN_ABOUT_RETURN_TYPE = YES_ERROR;
				GCC_WARN_UNDECLARED_SELECTOR = YES;
				GCC_WARN_UNINITIALIZED_AUTOS = YES_AGGRESSIVE;
				GCC_WARN_UNUSED_FUNCTION = YES;
				GCC_WARN_UNUSED_VARIABLE = YES;
				IPHONEOS_DEPLOYMENT_TARGET = 11.1;
				MTL_ENABLE_DEBUG_INFO = NO;
				SDKROOT = iphoneos;
				VALIDATE_PRODUCT = YES;
			};
			name = Release;
		};
		F7A0B2931FB058C400FE3B7B /* Debug */ = {
			isa = XCBuildConfiguration;
			buildSettings = {
				ASSETCATALOG_COMPILER_APPICON_NAME = AppIcon;
				CODE_SIGN_STYLE = Automatic;
				DEVELOPMENT_TEAM = J9K6294B74;
				FRAMEWORK_SEARCH_PATHS = (
					"$(inherited)",
					"$(PROJECT_DIR)/TravelNotes/Framework/Bugly",
				);
				INFOPLIST_FILE = TravelNotes/Info.plist;
				IPHONEOS_DEPLOYMENT_TARGET = 8.0;
				LD_RUNPATH_SEARCH_PATHS = "$(inherited) @executable_path/Frameworks";
				PRODUCT_BUNDLE_IDENTIFIER = com.TravelNotes.notes;
				PRODUCT_NAME = "$(TARGET_NAME)";
				TARGETED_DEVICE_FAMILY = 1;
			};
			name = Debug;
		};
		F7A0B2941FB058C400FE3B7B /* Release */ = {
			isa = XCBuildConfiguration;
			buildSettings = {
				ASSETCATALOG_COMPILER_APPICON_NAME = AppIcon;
				CODE_SIGN_STYLE = Automatic;
				DEVELOPMENT_TEAM = J9K6294B74;
				FRAMEWORK_SEARCH_PATHS = (
					"$(inherited)",
					"$(PROJECT_DIR)/TravelNotes/Framework/Bugly",
				);
				INFOPLIST_FILE = TravelNotes/Info.plist;
				IPHONEOS_DEPLOYMENT_TARGET = 8.0;
				LD_RUNPATH_SEARCH_PATHS = "$(inherited) @executable_path/Frameworks";
				PRODUCT_BUNDLE_IDENTIFIER = com.TravelNotes.notes;
				PRODUCT_NAME = "$(TARGET_NAME)";
				TARGETED_DEVICE_FAMILY = 1;
			};
			name = Release;
		};
/* End XCBuildConfiguration section */

/* Begin XCConfigurationList section */
		F7A0B2741FB058C400FE3B7B /* Build configuration list for PBXProject "TravelNotes" */ = {
			isa = XCConfigurationList;
			buildConfigurations = (
				F7A0B2901FB058C400FE3B7B /* Debug */,
				F7A0B2911FB058C400FE3B7B /* Release */,
			);
			defaultConfigurationIsVisible = 0;
			defaultConfigurationName = Release;
		};
		F7A0B2921FB058C400FE3B7B /* Build configuration list for PBXNativeTarget "TravelNotes" */ = {
			isa = XCConfigurationList;
			buildConfigurations = (
				F7A0B2931FB058C400FE3B7B /* Debug */,
				F7A0B2941FB058C400FE3B7B /* Release */,
			);
			defaultConfigurationIsVisible = 0;
			defaultConfigurationName = Release;
		};
/* End XCConfigurationList section */

/* Begin XCVersionGroup section */
		F7A0B2851FB058C400FE3B7B /* TravelNotes.xcdatamodeld */ = {
			isa = XCVersionGroup;
			children = (
				F7A0B2861FB058C400FE3B7B /* TravelNotes.xcdatamodel */,
			);
			currentVersion = F7A0B2861FB058C400FE3B7B /* TravelNotes.xcdatamodel */;
			path = TravelNotes.xcdatamodeld;
			sourceTree = "<group>";
			versionGroupType = wrapper.xcdatamodel;
		};
/* End XCVersionGroup section */
	};
	rootObject = F7A0B2711FB058C400FE3B7B /* Project object */;
}
